// !$*UTF8*$!
{
	archiveVersion = 1;
	classes = {
	};
	objectVersion = 55;
	objects = {

/* Begin PBXBuildFile section */
		36D5C1ED27E4FE7A00B55511 /* AppDelegate.swift in Sources */ = {isa = PBXBuildFile; fileRef = 36D5C1EC27E4FE7A00B55511 /* AppDelegate.swift */; };
		36D5C1EF27E4FE7A00B55511 /* SceneDelegate.swift in Sources */ = {isa = PBXBuildFile; fileRef = 36D5C1EE27E4FE7A00B55511 /* SceneDelegate.swift */; };
		36D5C1F127E4FE7A00B55511 /* DashboardViewController.swift in Sources */ = {isa = PBXBuildFile; fileRef = 36D5C1F027E4FE7A00B55511 /* DashboardViewController.swift */; };
		36D5C1F627E4FE8200B55511 /* Assets.xcassets in Resources */ = {isa = PBXBuildFile; fileRef = 36D5C1F527E4FE8200B55511 /* Assets.xcassets */; };
		36D5C1F927E4FE8200B55511 /* LaunchScreen.storyboard in Resources */ = {isa = PBXBuildFile; fileRef = 36D5C1F727E4FE8200B55511 /* LaunchScreen.storyboard */; };
		36D5C20427E4FE8200B55511 /* ClearScoreTechTestTests.swift in Sources */ = {isa = PBXBuildFile; fileRef = 36D5C20327E4FE8200B55511 /* ClearScoreTechTestTests.swift */; };
		36D5C20E27E4FE8200B55511 /* ClearScoreTechTestUITests.swift in Sources */ = {isa = PBXBuildFile; fileRef = 36D5C20D27E4FE8200B55511 /* ClearScoreTechTestUITests.swift */; };
		36D5C21027E4FE8200B55511 /* ClearScoreTechTestUITestsLaunchTests.swift in Sources */ = {isa = PBXBuildFile; fileRef = 36D5C20F27E4FE8200B55511 /* ClearScoreTechTestUITestsLaunchTests.swift */; };
		36D5C21D27E4FF3500B55511 /* NiblessViewController.swift in Sources */ = {isa = PBXBuildFile; fileRef = 36D5C21C27E4FF3500B55511 /* NiblessViewController.swift */; };
		36D5C21F27E5019A00B55511 /* DashboardViewModel.swift in Sources */ = {isa = PBXBuildFile; fileRef = 36D5C21E27E5019A00B55511 /* DashboardViewModel.swift */; };
		36D5C22227E5035000B55511 /* ScoreView.swift in Sources */ = {isa = PBXBuildFile; fileRef = 36D5C22127E5035000B55511 /* ScoreView.swift */; };
		36D5C22527E5042A00B55511 /* Localizable.strings in Resources */ = {isa = PBXBuildFile; fileRef = 36D5C22727E5042A00B55511 /* Localizable.strings */; };
		36D5C22927E5052500B55511 /* ScoreViewModel.swift in Sources */ = {isa = PBXBuildFile; fileRef = 36D5C22827E5052500B55511 /* ScoreViewModel.swift */; };
		36D5C22C27E5DB3900B55511 /* CreditFetchable.swift in Sources */ = {isa = PBXBuildFile; fileRef = 36D5C22B27E5DB3900B55511 /* CreditFetchable.swift */; };
		36D5C22E27E5DBFE00B55511 /* CreditModels.swift in Sources */ = {isa = PBXBuildFile; fileRef = 36D5C22D27E5DBFE00B55511 /* CreditModels.swift */; };
		36D5C23027E5DCDD00B55511 /* CreditFetcher.swift in Sources */ = {isa = PBXBuildFile; fileRef = 36D5C22F27E5DCDD00B55511 /* CreditFetcher.swift */; };
		36D5C23227E5DDC300B55511 /* Endpoint.swift in Sources */ = {isa = PBXBuildFile; fileRef = 36D5C23127E5DDC300B55511 /* Endpoint.swift */; };
		36D5C23427E5E36D00B55511 /* Networkable.swift in Sources */ = {isa = PBXBuildFile; fileRef = 36D5C23327E5E36D00B55511 /* Networkable.swift */; };
		36D5C23627E5EA6C00B55511 /* String+Localized.swift in Sources */ = {isa = PBXBuildFile; fileRef = 36D5C23527E5EA6C00B55511 /* String+Localized.swift */; };
		36D5C23827E6039200B55511 /* AppCoordinator.swift in Sources */ = {isa = PBXBuildFile; fileRef = 36D5C23727E6039200B55511 /* AppCoordinator.swift */; };
		36D5C23A27E609DF00B55511 /* UIColor+Custom.swift in Sources */ = {isa = PBXBuildFile; fileRef = 36D5C23927E609DF00B55511 /* UIColor+Custom.swift */; };
		36D5C24127E60A5400B55511 /* DashboardCoordinator.swift in Sources */ = {isa = PBXBuildFile; fileRef = 36D5C24027E60A5400B55511 /* DashboardCoordinator.swift */; };
		36FBF90D27E676B300B9F555 /* DashboardViewUITests.swift in Sources */ = {isa = PBXBuildFile; fileRef = 36FBF90C27E676B300B9F555 /* DashboardViewUITests.swift */; };
		36FBF90F27E6809200B9F555 /* mockcredit-values.json in Resources */ = {isa = PBXBuildFile; fileRef = 36FBF90E27E6809200B9F555 /* mockcredit-values.json */; };
		36FBF91E27E720BC00B9F555 /* DashboardViewModelTests.swift in Sources */ = {isa = PBXBuildFile; fileRef = 36FBF91D27E720BC00B9F555 /* DashboardViewModelTests.swift */; };
		36FBF92927E73A1B00B9F555 /* mockcredit-values-fail.json in Resources */ = {isa = PBXBuildFile; fileRef = 36FBF92827E73A1B00B9F555 /* mockcredit-values-fail.json */; };
		36FBF92C27E73D8100B9F555 /* ErrorView.swift in Sources */ = {isa = PBXBuildFile; fileRef = 36FBF92B27E73D8100B9F555 /* ErrorView.swift */; };
		36FBF92E27E73DC400B9F555 /* ErrorViewModel.swift in Sources */ = {isa = PBXBuildFile; fileRef = 36FBF92D27E73DC400B9F555 /* ErrorViewModel.swift */; };
/* End PBXBuildFile section */

/* Begin PBXContainerItemProxy section */
		36D5C20027E4FE8200B55511 /* PBXContainerItemProxy */ = {
			isa = PBXContainerItemProxy;
			containerPortal = 36D5C1E127E4FE7A00B55511 /* Project object */;
			proxyType = 1;
			remoteGlobalIDString = 36D5C1E827E4FE7A00B55511;
			remoteInfo = ClearScoreTechTest;
		};
		36D5C20A27E4FE8200B55511 /* PBXContainerItemProxy */ = {
			isa = PBXContainerItemProxy;
			containerPortal = 36D5C1E127E4FE7A00B55511 /* Project object */;
			proxyType = 1;
			remoteGlobalIDString = 36D5C1E827E4FE7A00B55511;
			remoteInfo = ClearScoreTechTest;
		};
/* End PBXContainerItemProxy section */

/* Begin PBXFileReference section */
		36D5C1E927E4FE7A00B55511 /* ClearScoreTechTest.app */ = {isa = PBXFileReference; explicitFileType = wrapper.application; includeInIndex = 0; path = ClearScoreTechTest.app; sourceTree = BUILT_PRODUCTS_DIR; };
		36D5C1EC27E4FE7A00B55511 /* AppDelegate.swift */ = {isa = PBXFileReference; lastKnownFileType = sourcecode.swift; path = AppDelegate.swift; sourceTree = "<group>"; };
		36D5C1EE27E4FE7A00B55511 /* SceneDelegate.swift */ = {isa = PBXFileReference; lastKnownFileType = sourcecode.swift; path = SceneDelegate.swift; sourceTree = "<group>"; };
		36D5C1F027E4FE7A00B55511 /* DashboardViewController.swift */ = {isa = PBXFileReference; lastKnownFileType = sourcecode.swift; path = DashboardViewController.swift; sourceTree = "<group>"; };
		36D5C1F527E4FE8200B55511 /* Assets.xcassets */ = {isa = PBXFileReference; lastKnownFileType = folder.assetcatalog; path = Assets.xcassets; sourceTree = "<group>"; };
		36D5C1F827E4FE8200B55511 /* Base */ = {isa = PBXFileReference; lastKnownFileType = file.storyboard; name = Base; path = Base.lproj/LaunchScreen.storyboard; sourceTree = "<group>"; };
		36D5C1FA27E4FE8200B55511 /* Info.plist */ = {isa = PBXFileReference; lastKnownFileType = text.plist.xml; path = Info.plist; sourceTree = "<group>"; };
		36D5C1FF27E4FE8200B55511 /* ClearScoreTechTestTests.xctest */ = {isa = PBXFileReference; explicitFileType = wrapper.cfbundle; includeInIndex = 0; path = ClearScoreTechTestTests.xctest; sourceTree = BUILT_PRODUCTS_DIR; };
		36D5C20327E4FE8200B55511 /* ClearScoreTechTestTests.swift */ = {isa = PBXFileReference; lastKnownFileType = sourcecode.swift; path = ClearScoreTechTestTests.swift; sourceTree = "<group>"; };
		36D5C20927E4FE8200B55511 /* ClearScoreTechTestUITests.xctest */ = {isa = PBXFileReference; explicitFileType = wrapper.cfbundle; includeInIndex = 0; path = ClearScoreTechTestUITests.xctest; sourceTree = BUILT_PRODUCTS_DIR; };
		36D5C20D27E4FE8200B55511 /* ClearScoreTechTestUITests.swift */ = {isa = PBXFileReference; lastKnownFileType = sourcecode.swift; path = ClearScoreTechTestUITests.swift; sourceTree = "<group>"; };
		36D5C20F27E4FE8200B55511 /* ClearScoreTechTestUITestsLaunchTests.swift */ = {isa = PBXFileReference; lastKnownFileType = sourcecode.swift; path = ClearScoreTechTestUITestsLaunchTests.swift; sourceTree = "<group>"; };
		36D5C21C27E4FF3500B55511 /* NiblessViewController.swift */ = {isa = PBXFileReference; lastKnownFileType = sourcecode.swift; path = NiblessViewController.swift; sourceTree = "<group>"; };
		36D5C21E27E5019A00B55511 /* DashboardViewModel.swift */ = {isa = PBXFileReference; lastKnownFileType = sourcecode.swift; path = DashboardViewModel.swift; sourceTree = "<group>"; };
		36D5C22127E5035000B55511 /* ScoreView.swift */ = {isa = PBXFileReference; lastKnownFileType = sourcecode.swift; path = ScoreView.swift; sourceTree = "<group>"; };
		36D5C22627E5042A00B55511 /* en */ = {isa = PBXFileReference; lastKnownFileType = text.plist.strings; name = en; path = en.lproj/Localizable.strings; sourceTree = "<group>"; };
		36D5C22827E5052500B55511 /* ScoreViewModel.swift */ = {isa = PBXFileReference; lastKnownFileType = sourcecode.swift; path = ScoreViewModel.swift; sourceTree = "<group>"; };
		36D5C22B27E5DB3900B55511 /* CreditFetchable.swift */ = {isa = PBXFileReference; lastKnownFileType = sourcecode.swift; path = CreditFetchable.swift; sourceTree = "<group>"; };
		36D5C22D27E5DBFE00B55511 /* CreditModels.swift */ = {isa = PBXFileReference; lastKnownFileType = sourcecode.swift; path = CreditModels.swift; sourceTree = "<group>"; };
		36D5C22F27E5DCDD00B55511 /* CreditFetcher.swift */ = {isa = PBXFileReference; lastKnownFileType = sourcecode.swift; path = CreditFetcher.swift; sourceTree = "<group>"; };
		36D5C23127E5DDC300B55511 /* Endpoint.swift */ = {isa = PBXFileReference; lastKnownFileType = sourcecode.swift; path = Endpoint.swift; sourceTree = "<group>"; };
		36D5C23327E5E36D00B55511 /* Networkable.swift */ = {isa = PBXFileReference; lastKnownFileType = sourcecode.swift; path = Networkable.swift; sourceTree = "<group>"; };
		36D5C23527E5EA6C00B55511 /* String+Localized.swift */ = {isa = PBXFileReference; lastKnownFileType = sourcecode.swift; path = "String+Localized.swift"; sourceTree = "<group>"; };
		36D5C23727E6039200B55511 /* AppCoordinator.swift */ = {isa = PBXFileReference; lastKnownFileType = sourcecode.swift; path = AppCoordinator.swift; sourceTree = "<group>"; };
		36D5C23927E609DF00B55511 /* UIColor+Custom.swift */ = {isa = PBXFileReference; lastKnownFileType = sourcecode.swift; path = "UIColor+Custom.swift"; sourceTree = "<group>"; };
		36D5C24027E60A5400B55511 /* DashboardCoordinator.swift */ = {isa = PBXFileReference; lastKnownFileType = sourcecode.swift; path = DashboardCoordinator.swift; sourceTree = "<group>"; };
		36FBF90C27E676B300B9F555 /* DashboardViewUITests.swift */ = {isa = PBXFileReference; lastKnownFileType = sourcecode.swift; path = DashboardViewUITests.swift; sourceTree = "<group>"; };
		36FBF90E27E6809200B9F555 /* mockcredit-values.json */ = {isa = PBXFileReference; lastKnownFileType = text.json; path = "mockcredit-values.json"; sourceTree = "<group>"; };
		36FBF91D27E720BC00B9F555 /* DashboardViewModelTests.swift */ = {isa = PBXFileReference; lastKnownFileType = sourcecode.swift; path = DashboardViewModelTests.swift; sourceTree = "<group>"; };
		36FBF92827E73A1B00B9F555 /* mockcredit-values-fail.json */ = {isa = PBXFileReference; lastKnownFileType = text.json; path = "mockcredit-values-fail.json"; sourceTree = "<group>"; };
		36FBF92B27E73D8100B9F555 /* ErrorView.swift */ = {isa = PBXFileReference; lastKnownFileType = sourcecode.swift; path = ErrorView.swift; sourceTree = "<group>"; };
		36FBF92D27E73DC400B9F555 /* ErrorViewModel.swift */ = {isa = PBXFileReference; lastKnownFileType = sourcecode.swift; path = ErrorViewModel.swift; sourceTree = "<group>"; };
/* End PBXFileReference section */

/* Begin PBXFrameworksBuildPhase section */
		36D5C1E627E4FE7A00B55511 /* Frameworks */ = {
			isa = PBXFrameworksBuildPhase;
			buildActionMask = 2147483647;
			files = (
			);
			runOnlyForDeploymentPostprocessing = 0;
		};
		36D5C1FC27E4FE8200B55511 /* Frameworks */ = {
			isa = PBXFrameworksBuildPhase;
			buildActionMask = 2147483647;
			files = (
			);
			runOnlyForDeploymentPostprocessing = 0;
		};
		36D5C20627E4FE8200B55511 /* Frameworks */ = {
			isa = PBXFrameworksBuildPhase;
			buildActionMask = 2147483647;
			files = (
			);
			runOnlyForDeploymentPostprocessing = 0;
		};
/* End PBXFrameworksBuildPhase section */

/* Begin PBXGroup section */
		36D5C1E027E4FE7A00B55511 = {
			isa = PBXGroup;
			children = (
				36D5C1EB27E4FE7A00B55511 /* ClearScoreTechTest */,
				36D5C20227E4FE8200B55511 /* ClearScoreTechTestTests */,
				36D5C20C27E4FE8200B55511 /* ClearScoreTechTestUITests */,
				36D5C1EA27E4FE7A00B55511 /* Products */,
			);
			sourceTree = "<group>";
		};
		36D5C1EA27E4FE7A00B55511 /* Products */ = {
			isa = PBXGroup;
			children = (
				36D5C1E927E4FE7A00B55511 /* ClearScoreTechTest.app */,
				36D5C1FF27E4FE8200B55511 /* ClearScoreTechTestTests.xctest */,
				36D5C20927E4FE8200B55511 /* ClearScoreTechTestUITests.xctest */,
			);
			name = Products;
			sourceTree = "<group>";
		};
		36D5C1EB27E4FE7A00B55511 /* ClearScoreTechTest */ = {
			isa = PBXGroup;
			children = (
				36D5C1EC27E4FE7A00B55511 /* AppDelegate.swift */,
				36D5C1EE27E4FE7A00B55511 /* SceneDelegate.swift */,
				36FBF92A27E73D6700B9F555 /* Scenes */,
				36D5C1F527E4FE8200B55511 /* Assets.xcassets */,
				36D5C1F727E4FE8200B55511 /* LaunchScreen.storyboard */,
				36D5C1FA27E4FE8200B55511 /* Info.plist */,
				36D5C21C27E4FF3500B55511 /* NiblessViewController.swift */,
				36D5C22727E5042A00B55511 /* Localizable.strings */,
				36D5C23C27E60A0400B55511 /* Networking */,
				36D5C24227E60ADF00B55511 /* Models */,
				36D5C23B27E609F300B55511 /* Extensions */,
				36D5C23F27E60A3F00B55511 /* Coordinators */,
				36FBF91427E6874100B9F555 /* MockData */,
			);
			path = ClearScoreTechTest;
			sourceTree = "<group>";
		};
		36D5C20227E4FE8200B55511 /* ClearScoreTechTestTests */ = {
			isa = PBXGroup;
			children = (
				36D5C20327E4FE8200B55511 /* ClearScoreTechTestTests.swift */,
				36FBF91F27E720C300B9F555 /* Dashboard */,
			);
			path = ClearScoreTechTestTests;
			sourceTree = "<group>";
		};
		36D5C20C27E4FE8200B55511 /* ClearScoreTechTestUITests */ = {
			isa = PBXGroup;
			children = (
				36D5C20D27E4FE8200B55511 /* ClearScoreTechTestUITests.swift */,
				36D5C20F27E4FE8200B55511 /* ClearScoreTechTestUITestsLaunchTests.swift */,
				36FBF90C27E676B300B9F555 /* DashboardViewUITests.swift */,
			);
			path = ClearScoreTechTestUITests;
			sourceTree = "<group>";
		};
		36D5C22027E5030B00B55511 /* Dashboard */ = {
			isa = PBXGroup;
			children = (
				36D5C1F027E4FE7A00B55511 /* DashboardViewController.swift */,
				36D5C21E27E5019A00B55511 /* DashboardViewModel.swift */,
			);
			path = Dashboard;
			sourceTree = "<group>";
		};
		36D5C22A27E5052E00B55511 /* Score */ = {
			isa = PBXGroup;
			children = (
				36D5C22127E5035000B55511 /* ScoreView.swift */,
				36D5C22827E5052500B55511 /* ScoreViewModel.swift */,
			);
			path = Score;
			sourceTree = "<group>";
		};
		36D5C23B27E609F300B55511 /* Extensions */ = {
			isa = PBXGroup;
			children = (
				36D5C23527E5EA6C00B55511 /* String+Localized.swift */,
				36D5C23927E609DF00B55511 /* UIColor+Custom.swift */,
			);
			path = Extensions;
			sourceTree = "<group>";
		};
		36D5C23C27E60A0400B55511 /* Networking */ = {
			isa = PBXGroup;
			children = (
				36D5C23E27E60A2900B55511 /* Endpoints */,
				36D5C23D27E60A1E00B55511 /* Types */,
			);
			path = Networking;
			sourceTree = "<group>";
		};
		36D5C23D27E60A1E00B55511 /* Types */ = {
			isa = PBXGroup;
			children = (
				36D5C23127E5DDC300B55511 /* Endpoint.swift */,
				36D5C23327E5E36D00B55511 /* Networkable.swift */,
			);
			path = Types;
			sourceTree = "<group>";
		};
		36D5C23E27E60A2900B55511 /* Endpoints */ = {
			isa = PBXGroup;
			children = (
				36D5C22F27E5DCDD00B55511 /* CreditFetcher.swift */,
				36D5C22B27E5DB3900B55511 /* CreditFetchable.swift */,
			);
			path = Endpoints;
			sourceTree = "<group>";
		};
		36D5C23F27E60A3F00B55511 /* Coordinators */ = {
			isa = PBXGroup;
			children = (
				36D5C23727E6039200B55511 /* AppCoordinator.swift */,
				36D5C24027E60A5400B55511 /* DashboardCoordinator.swift */,
			);
			path = Coordinators;
			sourceTree = "<group>";
		};
		36D5C24227E60ADF00B55511 /* Models */ = {
			isa = PBXGroup;
			children = (
				36D5C22D27E5DBFE00B55511 /* CreditModels.swift */,
			);
			path = Models;
			sourceTree = "<group>";
		};
		36FBF91427E6874100B9F555 /* MockData */ = {
			isa = PBXGroup;
			children = (
				36FBF90E27E6809200B9F555 /* mockcredit-values.json */,
				36FBF92827E73A1B00B9F555 /* mockcredit-values-fail.json */,
			);
			path = MockData;
			sourceTree = "<group>";
		};
		36FBF91F27E720C300B9F555 /* Dashboard */ = {
			isa = PBXGroup;
			children = (
				36FBF91D27E720BC00B9F555 /* DashboardViewModelTests.swift */,
			);
			path = Dashboard;
			sourceTree = "<group>";
		};
		36FBF92A27E73D6700B9F555 /* Scenes */ = {
			isa = PBXGroup;
			children = (
				36D5C22027E5030B00B55511 /* Dashboard */,
				36D5C22A27E5052E00B55511 /* Score */,
				36FBF92F27E744A600B9F555 /* Error */,
			);
			path = Scenes;
			sourceTree = "<group>";
		};
		36FBF92F27E744A600B9F555 /* Error */ = {
			isa = PBXGroup;
			children = (
				36FBF92B27E73D8100B9F555 /* ErrorView.swift */,
				36FBF92D27E73DC400B9F555 /* ErrorViewModel.swift */,
			);
			path = Error;
			sourceTree = "<group>";
		};
/* End PBXGroup section */

/* Begin PBXNativeTarget section */
		36D5C1E827E4FE7A00B55511 /* ClearScoreTechTest */ = {
			isa = PBXNativeTarget;
			buildConfigurationList = 36D5C21327E4FE8200B55511 /* Build configuration list for PBXNativeTarget "ClearScoreTechTest" */;
			buildPhases = (
				36D5C1E527E4FE7A00B55511 /* Sources */,
				36D5C1E627E4FE7A00B55511 /* Frameworks */,
				36D5C1E727E4FE7A00B55511 /* Resources */,
			);
			buildRules = (
			);
			dependencies = (
			);
			name = ClearScoreTechTest;
			productName = ClearScoreTechTest;
			productReference = 36D5C1E927E4FE7A00B55511 /* ClearScoreTechTest.app */;
			productType = "com.apple.product-type.application";
		};
		36D5C1FE27E4FE8200B55511 /* ClearScoreTechTestTests */ = {
			isa = PBXNativeTarget;
			buildConfigurationList = 36D5C21627E4FE8200B55511 /* Build configuration list for PBXNativeTarget "ClearScoreTechTestTests" */;
			buildPhases = (
				36D5C1FB27E4FE8200B55511 /* Sources */,
				36D5C1FC27E4FE8200B55511 /* Frameworks */,
				36D5C1FD27E4FE8200B55511 /* Resources */,
			);
			buildRules = (
			);
			dependencies = (
				36D5C20127E4FE8200B55511 /* PBXTargetDependency */,
			);
			name = ClearScoreTechTestTests;
			productName = ClearScoreTechTestTests;
			productReference = 36D5C1FF27E4FE8200B55511 /* ClearScoreTechTestTests.xctest */;
			productType = "com.apple.product-type.bundle.unit-test";
		};
		36D5C20827E4FE8200B55511 /* ClearScoreTechTestUITests */ = {
			isa = PBXNativeTarget;
			buildConfigurationList = 36D5C21927E4FE8200B55511 /* Build configuration list for PBXNativeTarget "ClearScoreTechTestUITests" */;
			buildPhases = (
				36D5C20527E4FE8200B55511 /* Sources */,
				36D5C20627E4FE8200B55511 /* Frameworks */,
				36D5C20727E4FE8200B55511 /* Resources */,
			);
			buildRules = (
			);
			dependencies = (
				36D5C20B27E4FE8200B55511 /* PBXTargetDependency */,
			);
			name = ClearScoreTechTestUITests;
			productName = ClearScoreTechTestUITests;
			productReference = 36D5C20927E4FE8200B55511 /* ClearScoreTechTestUITests.xctest */;
			productType = "com.apple.product-type.bundle.ui-testing";
		};
/* End PBXNativeTarget section */

/* Begin PBXProject section */
		36D5C1E127E4FE7A00B55511 /* Project object */ = {
			isa = PBXProject;
			attributes = {
				BuildIndependentTargetsInParallel = 1;
				LastSwiftUpdateCheck = 1320;
				LastUpgradeCheck = 1320;
				TargetAttributes = {
					36D5C1E827E4FE7A00B55511 = {
						CreatedOnToolsVersion = 13.2.1;
					};
					36D5C1FE27E4FE8200B55511 = {
						CreatedOnToolsVersion = 13.2.1;
						TestTargetID = 36D5C1E827E4FE7A00B55511;
					};
					36D5C20827E4FE8200B55511 = {
						CreatedOnToolsVersion = 13.2.1;
						TestTargetID = 36D5C1E827E4FE7A00B55511;
					};
				};
			};
			buildConfigurationList = 36D5C1E427E4FE7A00B55511 /* Build configuration list for PBXProject "ClearScoreTechTest" */;
			compatibilityVersion = "Xcode 13.0";
			developmentRegion = en;
			hasScannedForEncodings = 0;
			knownRegions = (
				en,
				Base,
			);
			mainGroup = 36D5C1E027E4FE7A00B55511;
			productRefGroup = 36D5C1EA27E4FE7A00B55511 /* Products */;
			projectDirPath = "";
			projectRoot = "";
			targets = (
				36D5C1E827E4FE7A00B55511 /* ClearScoreTechTest */,
				36D5C1FE27E4FE8200B55511 /* ClearScoreTechTestTests */,
				36D5C20827E4FE8200B55511 /* ClearScoreTechTestUITests */,
			);
		};
/* End PBXProject section */

/* Begin PBXResourcesBuildPhase section */
		36D5C1E727E4FE7A00B55511 /* Resources */ = {
			isa = PBXResourcesBuildPhase;
			buildActionMask = 2147483647;
			files = (
				36FBF90F27E6809200B9F555 /* mockcredit-values.json in Resources */,
				36D5C1F927E4FE8200B55511 /* LaunchScreen.storyboard in Resources */,
				36D5C22527E5042A00B55511 /* Localizable.strings in Resources */,
				36FBF92927E73A1B00B9F555 /* mockcredit-values-fail.json in Resources */,
				36D5C1F627E4FE8200B55511 /* Assets.xcassets in Resources */,
			);
			runOnlyForDeploymentPostprocessing = 0;
		};
		36D5C1FD27E4FE8200B55511 /* Resources */ = {
			isa = PBXResourcesBuildPhase;
			buildActionMask = 2147483647;
			files = (
			);
			runOnlyForDeploymentPostprocessing = 0;
		};
		36D5C20727E4FE8200B55511 /* Resources */ = {
			isa = PBXResourcesBuildPhase;
			buildActionMask = 2147483647;
			files = (
			);
			runOnlyForDeploymentPostprocessing = 0;
		};
/* End PBXResourcesBuildPhase section */

/* Begin PBXSourcesBuildPhase section */
		36D5C1E527E4FE7A00B55511 /* Sources */ = {
			isa = PBXSourcesBuildPhase;
			buildActionMask = 2147483647;
			files = (
				36D5C1F127E4FE7A00B55511 /* DashboardViewController.swift in Sources */,
				36D5C24127E60A5400B55511 /* DashboardCoordinator.swift in Sources */,
				36D5C22C27E5DB3900B55511 /* CreditFetchable.swift in Sources */,
				36D5C22E27E5DBFE00B55511 /* CreditModels.swift in Sources */,
				36FBF92C27E73D8100B9F555 /* ErrorView.swift in Sources */,
				36D5C21F27E5019A00B55511 /* DashboardViewModel.swift in Sources */,
				36D5C23627E5EA6C00B55511 /* String+Localized.swift in Sources */,
				36D5C23027E5DCDD00B55511 /* CreditFetcher.swift in Sources */,
				36D5C23827E6039200B55511 /* AppCoordinator.swift in Sources */,
				36FBF92E27E73DC400B9F555 /* ErrorViewModel.swift in Sources */,
				36D5C21D27E4FF3500B55511 /* NiblessViewController.swift in Sources */,
				36D5C23A27E609DF00B55511 /* UIColor+Custom.swift in Sources */,
				36D5C1ED27E4FE7A00B55511 /* AppDelegate.swift in Sources */,
				36D5C1EF27E4FE7A00B55511 /* SceneDelegate.swift in Sources */,
				36D5C22227E5035000B55511 /* ScoreView.swift in Sources */,
				36D5C23227E5DDC300B55511 /* Endpoint.swift in Sources */,
				36D5C23427E5E36D00B55511 /* Networkable.swift in Sources */,
				36D5C22927E5052500B55511 /* ScoreViewModel.swift in Sources */,
			);
			runOnlyForDeploymentPostprocessing = 0;
		};
		36D5C1FB27E4FE8200B55511 /* Sources */ = {
			isa = PBXSourcesBuildPhase;
			buildActionMask = 2147483647;
			files = (
				36D5C20427E4FE8200B55511 /* ClearScoreTechTestTests.swift in Sources */,
				36FBF91E27E720BC00B9F555 /* DashboardViewModelTests.swift in Sources */,
			);
			runOnlyForDeploymentPostprocessing = 0;
		};
		36D5C20527E4FE8200B55511 /* Sources */ = {
			isa = PBXSourcesBuildPhase;
			buildActionMask = 2147483647;
			files = (
				36D5C20E27E4FE8200B55511 /* ClearScoreTechTestUITests.swift in Sources */,
				36D5C21027E4FE8200B55511 /* ClearScoreTechTestUITestsLaunchTests.swift in Sources */,
				36FBF90D27E676B300B9F555 /* DashboardViewUITests.swift in Sources */,
			);
			runOnlyForDeploymentPostprocessing = 0;
		};
/* End PBXSourcesBuildPhase section */

/* Begin PBXTargetDependency section */
		36D5C20127E4FE8200B55511 /* PBXTargetDependency */ = {
			isa = PBXTargetDependency;
			target = 36D5C1E827E4FE7A00B55511 /* ClearScoreTechTest */;
			targetProxy = 36D5C20027E4FE8200B55511 /* PBXContainerItemProxy */;
		};
		36D5C20B27E4FE8200B55511 /* PBXTargetDependency */ = {
			isa = PBXTargetDependency;
			target = 36D5C1E827E4FE7A00B55511 /* ClearScoreTechTest */;
			targetProxy = 36D5C20A27E4FE8200B55511 /* PBXContainerItemProxy */;
		};
/* End PBXTargetDependency section */

/* Begin PBXVariantGroup section */
		36D5C1F727E4FE8200B55511 /* LaunchScreen.storyboard */ = {
			isa = PBXVariantGroup;
			children = (
				36D5C1F827E4FE8200B55511 /* Base */,
			);
			name = LaunchScreen.storyboard;
			sourceTree = "<group>";
		};
		36D5C22727E5042A00B55511 /* Localizable.strings */ = {
			isa = PBXVariantGroup;
			children = (
				36D5C22627E5042A00B55511 /* en */,
			);
			name = Localizable.strings;
			sourceTree = "<group>";
		};
/* End PBXVariantGroup section */

/* Begin XCBuildConfiguration section */
		36D5C21127E4FE8200B55511 /* Debug */ = {
			isa = XCBuildConfiguration;
			buildSettings = {
				ALWAYS_SEARCH_USER_PATHS = NO;
				CLANG_ANALYZER_NONNULL = YES;
				CLANG_ANALYZER_NUMBER_OBJECT_CONVERSION = YES_AGGRESSIVE;
				CLANG_CXX_LANGUAGE_STANDARD = "gnu++17";
				CLANG_CXX_LIBRARY = "libc++";
				CLANG_ENABLE_MODULES = YES;
				CLANG_ENABLE_OBJC_ARC = YES;
				CLANG_ENABLE_OBJC_WEAK = YES;
				CLANG_WARN_BLOCK_CAPTURE_AUTORELEASING = YES;
				CLANG_WARN_BOOL_CONVERSION = YES;
				CLANG_WARN_COMMA = YES;
				CLANG_WARN_CONSTANT_CONVERSION = YES;
				CLANG_WARN_DEPRECATED_OBJC_IMPLEMENTATIONS = YES;
				CLANG_WARN_DIRECT_OBJC_ISA_USAGE = YES_ERROR;
				CLANG_WARN_DOCUMENTATION_COMMENTS = YES;
				CLANG_WARN_EMPTY_BODY = YES;
				CLANG_WARN_ENUM_CONVERSION = YES;
				CLANG_WARN_INFINITE_RECURSION = YES;
				CLANG_WARN_INT_CONVERSION = YES;
				CLANG_WARN_NON_LITERAL_NULL_CONVERSION = YES;
				CLANG_WARN_OBJC_IMPLICIT_RETAIN_SELF = YES;
				CLANG_WARN_OBJC_LITERAL_CONVERSION = YES;
				CLANG_WARN_OBJC_ROOT_CLASS = YES_ERROR;
				CLANG_WARN_QUOTED_INCLUDE_IN_FRAMEWORK_HEADER = YES;
				CLANG_WARN_RANGE_LOOP_ANALYSIS = YES;
				CLANG_WARN_STRICT_PROTOTYPES = YES;
				CLANG_WARN_SUSPICIOUS_MOVE = YES;
				CLANG_WARN_UNGUARDED_AVAILABILITY = YES_AGGRESSIVE;
				CLANG_WARN_UNREACHABLE_CODE = YES;
				CLANG_WARN__DUPLICATE_METHOD_MATCH = YES;
				COPY_PHASE_STRIP = NO;
				DEBUG_INFORMATION_FORMAT = dwarf;
				ENABLE_STRICT_OBJC_MSGSEND = YES;
				ENABLE_TESTABILITY = YES;
				GCC_C_LANGUAGE_STANDARD = gnu11;
				GCC_DYNAMIC_NO_PIC = NO;
				GCC_NO_COMMON_BLOCKS = YES;
				GCC_OPTIMIZATION_LEVEL = 0;
				GCC_PREPROCESSOR_DEFINITIONS = (
					"DEBUG=1",
					"$(inherited)",
				);
				GCC_WARN_64_TO_32_BIT_CONVERSION = YES;
				GCC_WARN_ABOUT_RETURN_TYPE = YES_ERROR;
				GCC_WARN_UNDECLARED_SELECTOR = YES;
				GCC_WARN_UNINITIALIZED_AUTOS = YES_AGGRESSIVE;
				GCC_WARN_UNUSED_FUNCTION = YES;
				GCC_WARN_UNUSED_VARIABLE = YES;
				IPHONEOS_DEPLOYMENT_TARGET = 15.2;
				MTL_ENABLE_DEBUG_INFO = INCLUDE_SOURCE;
				MTL_FAST_MATH = YES;
				ONLY_ACTIVE_ARCH = YES;
				SDKROOT = iphoneos;
				SWIFT_ACTIVE_COMPILATION_CONDITIONS = DEBUG;
				SWIFT_OPTIMIZATION_LEVEL = "-Onone";
			};
			name = Debug;
		};
		36D5C21227E4FE8200B55511 /* Release */ = {
			isa = XCBuildConfiguration;
			buildSettings = {
				ALWAYS_SEARCH_USER_PATHS = NO;
				CLANG_ANALYZER_NONNULL = YES;
				CLANG_ANALYZER_NUMBER_OBJECT_CONVERSION = YES_AGGRESSIVE;
				CLANG_CXX_LANGUAGE_STANDARD = "gnu++17";
				CLANG_CXX_LIBRARY = "libc++";
				CLANG_ENABLE_MODULES = YES;
				CLANG_ENABLE_OBJC_ARC = YES;
				CLANG_ENABLE_OBJC_WEAK = YES;
				CLANG_WARN_BLOCK_CAPTURE_AUTORELEASING = YES;
				CLANG_WARN_BOOL_CONVERSION = YES;
				CLANG_WARN_COMMA = YES;
				CLANG_WARN_CONSTANT_CONVERSION = YES;
				CLANG_WARN_DEPRECATED_OBJC_IMPLEMENTATIONS = YES;
				CLANG_WARN_DIRECT_OBJC_ISA_USAGE = YES_ERROR;
				CLANG_WARN_DOCUMENTATION_COMMENTS = YES;
				CLANG_WARN_EMPTY_BODY = YES;
				CLANG_WARN_ENUM_CONVERSION = YES;
				CLANG_WARN_INFINITE_RECURSION = YES;
				CLANG_WARN_INT_CONVERSION = YES;
				CLANG_WARN_NON_LITERAL_NULL_CONVERSION = YES;
				CLANG_WARN_OBJC_IMPLICIT_RETAIN_SELF = YES;
				CLANG_WARN_OBJC_LITERAL_CONVERSION = YES;
				CLANG_WARN_OBJC_ROOT_CLASS = YES_ERROR;
				CLANG_WARN_QUOTED_INCLUDE_IN_FRAMEWORK_HEADER = YES;
				CLANG_WARN_RANGE_LOOP_ANALYSIS = YES;
				CLANG_WARN_STRICT_PROTOTYPES = YES;
				CLANG_WARN_SUSPICIOUS_MOVE = YES;
				CLANG_WARN_UNGUARDED_AVAILABILITY = YES_AGGRESSIVE;
				CLANG_WARN_UNREACHABLE_CODE = YES;
				CLANG_WARN__DUPLICATE_METHOD_MATCH = YES;
				COPY_PHASE_STRIP = NO;
				DEBUG_INFORMATION_FORMAT = "dwarf-with-dsym";
				ENABLE_NS_ASSERTIONS = NO;
				ENABLE_STRICT_OBJC_MSGSEND = YES;
				GCC_C_LANGUAGE_STANDARD = gnu11;
				GCC_NO_COMMON_BLOCKS = YES;
				GCC_WARN_64_TO_32_BIT_CONVERSION = YES;
				GCC_WARN_ABOUT_RETURN_TYPE = YES_ERROR;
				GCC_WARN_UNDECLARED_SELECTOR = YES;
				GCC_WARN_UNINITIALIZED_AUTOS = YES_AGGRESSIVE;
				GCC_WARN_UNUSED_FUNCTION = YES;
				GCC_WARN_UNUSED_VARIABLE = YES;
				IPHONEOS_DEPLOYMENT_TARGET = 15.2;
				MTL_ENABLE_DEBUG_INFO = NO;
				MTL_FAST_MATH = YES;
				SDKROOT = iphoneos;
				SWIFT_ACTIVE_COMPILATION_CONDITIONS = RELEASE;
				SWIFT_COMPILATION_MODE = wholemodule;
				SWIFT_OPTIMIZATION_LEVEL = "-O";
				VALIDATE_PRODUCT = YES;
			};
			name = Release;
		};
		36D5C21427E4FE8200B55511 /* Debug */ = {
			isa = XCBuildConfiguration;
			buildSettings = {
				ASSETCATALOG_COMPILER_APPICON_NAME = AppIcon;
				ASSETCATALOG_COMPILER_GLOBAL_ACCENT_COLOR_NAME = AccentColor;
				CODE_SIGN_STYLE = Automatic;
				CURRENT_PROJECT_VERSION = 1;
				DEVELOPMENT_TEAM = 5F964N26SK;
				GENERATE_INFOPLIST_FILE = YES;
				INFOPLIST_FILE = ClearScoreTechTest/Info.plist;
				INFOPLIST_KEY_UIApplicationSupportsIndirectInputEvents = YES;
				INFOPLIST_KEY_UILaunchStoryboardName = LaunchScreen;
				INFOPLIST_KEY_UISupportedInterfaceOrientations_iPad = "UIInterfaceOrientationPortrait UIInterfaceOrientationPortraitUpsideDown UIInterfaceOrientationLandscapeLeft UIInterfaceOrientationLandscapeRight";
				INFOPLIST_KEY_UISupportedInterfaceOrientations_iPhone = "UIInterfaceOrientationPortrait UIInterfaceOrientationLandscapeLeft UIInterfaceOrientationLandscapeRight";
				LD_RUNPATH_SEARCH_PATHS = (
					"$(inherited)",
					"@executable_path/Frameworks",
				);
				MARKETING_VERSION = 1.0;
				PRODUCT_BUNDLE_IDENTIFIER = sophieclark.ClearScoreTechTest;
				PRODUCT_NAME = "$(TARGET_NAME)";
				SWIFT_EMIT_LOC_STRINGS = YES;
				SWIFT_VERSION = 5.0;
				TARGETED_DEVICE_FAMILY = "1,2";
			};
			name = Debug;
		};
		36D5C21527E4FE8200B55511 /* Release */ = {
			isa = XCBuildConfiguration;
			buildSettings = {
				ASSETCATALOG_COMPILER_APPICON_NAME = AppIcon;
				ASSETCATALOG_COMPILER_GLOBAL_ACCENT_COLOR_NAME = AccentColor;
				CODE_SIGN_STYLE = Automatic;
				CURRENT_PROJECT_VERSION = 1;
				DEVELOPMENT_TEAM = 5F964N26SK;
				GENERATE_INFOPLIST_FILE = YES;
				INFOPLIST_FILE = ClearScoreTechTest/Info.plist;
				INFOPLIST_KEY_UIApplicationSupportsIndirectInputEvents = YES;
				INFOPLIST_KEY_UILaunchStoryboardName = LaunchScreen;
				INFOPLIST_KEY_UISupportedInterfaceOrientations_iPad = "UIInterfaceOrientationPortrait UIInterfaceOrientationPortraitUpsideDown UIInterfaceOrientationLandscapeLeft UIInterfaceOrientationLandscapeRight";
				INFOPLIST_KEY_UISupportedInterfaceOrientations_iPhone = "UIInterfaceOrientationPortrait UIInterfaceOrientationLandscapeLeft UIInterfaceOrientationLandscapeRight";
				LD_RUNPATH_SEARCH_PATHS = (
					"$(inherited)",
					"@executable_path/Frameworks",
				);
				MARKETING_VERSION = 1.0;
				PRODUCT_BUNDLE_IDENTIFIER = sophieclark.ClearScoreTechTest;
				PRODUCT_NAME = "$(TARGET_NAME)";
				SWIFT_EMIT_LOC_STRINGS = YES;
				SWIFT_VERSION = 5.0;
				TARGETED_DEVICE_FAMILY = "1,2";
			};
			name = Release;
		};
		36D5C21727E4FE8200B55511 /* Debug */ = {
			isa = XCBuildConfiguration;
			buildSettings = {
				ALWAYS_EMBED_SWIFT_STANDARD_LIBRARIES = YES;
				BUNDLE_LOADER = "$(TEST_HOST)";
				CODE_SIGN_STYLE = Automatic;
				CURRENT_PROJECT_VERSION = 1;
				DEVELOPMENT_TEAM = 5F964N26SK;
				GENERATE_INFOPLIST_FILE = YES;
				IPHONEOS_DEPLOYMENT_TARGET = 15.2;
				MARKETING_VERSION = 1.0;
				PRODUCT_BUNDLE_IDENTIFIER = sophieclark.ClearScoreTechTestTests;
				PRODUCT_NAME = "$(TARGET_NAME)";
				SWIFT_EMIT_LOC_STRINGS = NO;
				SWIFT_VERSION = 5.0;
				TARGETED_DEVICE_FAMILY = "1,2";
				TEST_HOST = "$(BUILT_PRODUCTS_DIR)/ClearScoreTechTest.app/ClearScoreTechTest";
			};
			name = Debug;
		};
		36D5C21827E4FE8200B55511 /* Release */ = {
			isa = XCBuildConfiguration;
			buildSettings = {
				ALWAYS_EMBED_SWIFT_STANDARD_LIBRARIES = YES;
				BUNDLE_LOADER = "$(TEST_HOST)";
				CODE_SIGN_STYLE = Automatic;
				CURRENT_PROJECT_VERSION = 1;
				DEVELOPMENT_TEAM = 5F964N26SK;
				GENERATE_INFOPLIST_FILE = YES;
				IPHONEOS_DEPLOYMENT_TARGET = 15.2;
				MARKETING_VERSION = 1.0;
				PRODUCT_BUNDLE_IDENTIFIER = sophieclark.ClearScoreTechTestTests;
				PRODUCT_NAME = "$(TARGET_NAME)";
				SWIFT_EMIT_LOC_STRINGS = NO;
				SWIFT_VERSION = 5.0;
				TARGETED_DEVICE_FAMILY = "1,2";
				TEST_HOST = "$(BUILT_PRODUCTS_DIR)/ClearScoreTechTest.app/ClearScoreTechTest";
			};
			name = Release;
		};
		36D5C21A27E4FE8200B55511 /* Debug */ = {
			isa = XCBuildConfiguration;
			buildSettings = {
				ALWAYS_EMBED_SWIFT_STANDARD_LIBRARIES = YES;
				CODE_SIGN_STYLE = Automatic;
				CURRENT_PROJECT_VERSION = 1;
				DEVELOPMENT_TEAM = 5F964N26SK;
				GENERATE_INFOPLIST_FILE = YES;
				MARKETING_VERSION = 1.0;
				PRODUCT_BUNDLE_IDENTIFIER = sophieclark.ClearScoreTechTestUITests;
				PRODUCT_NAME = "$(TARGET_NAME)";
				SWIFT_EMIT_LOC_STRINGS = NO;
				SWIFT_VERSION = 5.0;
				TARGETED_DEVICE_FAMILY = "1,2";
				TEST_TARGET_NAME = ClearScoreTechTest;
			};
			name = Debug;
		};
		36D5C21B27E4FE8200B55511 /* Release */ = {
			isa = XCBuildConfiguration;
			buildSettings = {
				ALWAYS_EMBED_SWIFT_STANDARD_LIBRARIES = YES;
				CODE_SIGN_STYLE = Automatic;
				CURRENT_PROJECT_VERSION = 1;
				DEVELOPMENT_TEAM = 5F964N26SK;
				GENERATE_INFOPLIST_FILE = YES;
				MARKETING_VERSION = 1.0;
				PRODUCT_BUNDLE_IDENTIFIER = sophieclark.ClearScoreTechTestUITests;
				PRODUCT_NAME = "$(TARGET_NAME)";
				SWIFT_EMIT_LOC_STRINGS = NO;
				SWIFT_VERSION = 5.0;
				TARGETED_DEVICE_FAMILY = "1,2";
				TEST_TARGET_NAME = ClearScoreTechTest;
			};
			name = Release;
		};
		36FBF91027E685CB00B9F555 /* Test */ = {
			isa = XCBuildConfiguration;
			buildSettings = {
				ALWAYS_SEARCH_USER_PATHS = NO;
				CLANG_ANALYZER_NONNULL = YES;
				CLANG_ANALYZER_NUMBER_OBJECT_CONVERSION = YES_AGGRESSIVE;
				CLANG_CXX_LANGUAGE_STANDARD = "gnu++17";
				CLANG_CXX_LIBRARY = "libc++";
				CLANG_ENABLE_MODULES = YES;
				CLANG_ENABLE_OBJC_ARC = YES;
				CLANG_ENABLE_OBJC_WEAK = YES;
				CLANG_WARN_BLOCK_CAPTURE_AUTORELEASING = YES;
				CLANG_WARN_BOOL_CONVERSION = YES;
				CLANG_WARN_COMMA = YES;
				CLANG_WARN_CONSTANT_CONVERSION = YES;
				CLANG_WARN_DEPRECATED_OBJC_IMPLEMENTATIONS = YES;
				CLANG_WARN_DIRECT_OBJC_ISA_USAGE = YES_ERROR;
				CLANG_WARN_DOCUMENTATION_COMMENTS = YES;
				CLANG_WARN_EMPTY_BODY = YES;
				CLANG_WARN_ENUM_CONVERSION = YES;
				CLANG_WARN_INFINITE_RECURSION = YES;
				CLANG_WARN_INT_CONVERSION = YES;
				CLANG_WARN_NON_LITERAL_NULL_CONVERSION = YES;
				CLANG_WARN_OBJC_IMPLICIT_RETAIN_SELF = YES;
				CLANG_WARN_OBJC_LITERAL_CONVERSION = YES;
				CLANG_WARN_OBJC_ROOT_CLASS = YES_ERROR;
				CLANG_WARN_QUOTED_INCLUDE_IN_FRAMEWORK_HEADER = YES;
				CLANG_WARN_RANGE_LOOP_ANALYSIS = YES;
				CLANG_WARN_STRICT_PROTOTYPES = YES;
				CLANG_WARN_SUSPICIOUS_MOVE = YES;
				CLANG_WARN_UNGUARDED_AVAILABILITY = YES_AGGRESSIVE;
				CLANG_WARN_UNREACHABLE_CODE = YES;
				CLANG_WARN__DUPLICATE_METHOD_MATCH = YES;
				COPY_PHASE_STRIP = NO;
				DEBUG_INFORMATION_FORMAT = dwarf;
				ENABLE_STRICT_OBJC_MSGSEND = YES;
				ENABLE_TESTABILITY = YES;
				GCC_C_LANGUAGE_STANDARD = gnu11;
				GCC_DYNAMIC_NO_PIC = NO;
				GCC_NO_COMMON_BLOCKS = YES;
				GCC_OPTIMIZATION_LEVEL = 0;
				GCC_PREPROCESSOR_DEFINITIONS = (
					"DEBUG=1",
					"$(inherited)",
				);
				GCC_WARN_64_TO_32_BIT_CONVERSION = YES;
				GCC_WARN_ABOUT_RETURN_TYPE = YES_ERROR;
				GCC_WARN_UNDECLARED_SELECTOR = YES;
				GCC_WARN_UNINITIALIZED_AUTOS = YES_AGGRESSIVE;
				GCC_WARN_UNUSED_FUNCTION = YES;
				GCC_WARN_UNUSED_VARIABLE = YES;
				IPHONEOS_DEPLOYMENT_TARGET = 15.2;
				MTL_ENABLE_DEBUG_INFO = INCLUDE_SOURCE;
				MTL_FAST_MATH = YES;
				ONLY_ACTIVE_ARCH = YES;
				SDKROOT = iphoneos;
				SWIFT_ACTIVE_COMPILATION_CONDITIONS = TESTS;
				SWIFT_OPTIMIZATION_LEVEL = "-Onone";
			};
			name = Test;
		};
		36FBF91127E685CB00B9F555 /* Test */ = {
			isa = XCBuildConfiguration;
			buildSettings = {
				ASSETCATALOG_COMPILER_APPICON_NAME = AppIcon;
				ASSETCATALOG_COMPILER_GLOBAL_ACCENT_COLOR_NAME = AccentColor;
				CODE_SIGN_STYLE = Automatic;
				CURRENT_PROJECT_VERSION = 1;
				DEVELOPMENT_TEAM = 5F964N26SK;
				GENERATE_INFOPLIST_FILE = YES;
				INFOPLIST_FILE = ClearScoreTechTest/Info.plist;
				INFOPLIST_KEY_UIApplicationSupportsIndirectInputEvents = YES;
				INFOPLIST_KEY_UILaunchStoryboardName = LaunchScreen;
				INFOPLIST_KEY_UISupportedInterfaceOrientations_iPad = "UIInterfaceOrientationPortrait UIInterfaceOrientationPortraitUpsideDown UIInterfaceOrientationLandscapeLeft UIInterfaceOrientationLandscapeRight";
				INFOPLIST_KEY_UISupportedInterfaceOrientations_iPhone = "UIInterfaceOrientationPortrait UIInterfaceOrientationLandscapeLeft UIInterfaceOrientationLandscapeRight";
				LD_RUNPATH_SEARCH_PATHS = (
					"$(inherited)",
					"@executable_path/Frameworks",
				);
				MARKETING_VERSION = 1.0;
				PRODUCT_BUNDLE_IDENTIFIER = sophieclark.ClearScoreTechTest;
				PRODUCT_NAME = "$(TARGET_NAME)";
				SWIFT_EMIT_LOC_STRINGS = YES;
				SWIFT_VERSION = 5.0;
				TARGETED_DEVICE_FAMILY = "1,2";
			};
			name = Test;
		};
		36FBF91227E685CB00B9F555 /* Test */ = {
			isa = XCBuildConfiguration;
			buildSettings = {
				ALWAYS_EMBED_SWIFT_STANDARD_LIBRARIES = YES;
				BUNDLE_LOADER = "$(TEST_HOST)";
				CODE_SIGN_STYLE = Automatic;
				CURRENT_PROJECT_VERSION = 1;
				DEVELOPMENT_TEAM = 5F964N26SK;
				GENERATE_INFOPLIST_FILE = YES;
				IPHONEOS_DEPLOYMENT_TARGET = 15.2;
				MARKETING_VERSION = 1.0;
				PRODUCT_BUNDLE_IDENTIFIER = sophieclark.ClearScoreTechTestTests;
				PRODUCT_NAME = "$(TARGET_NAME)";
				SWIFT_EMIT_LOC_STRINGS = NO;
				SWIFT_VERSION = 5.0;
				TARGETED_DEVICE_FAMILY = "1,2";
				TEST_HOST = "$(BUILT_PRODUCTS_DIR)/ClearScoreTechTest.app/ClearScoreTechTest";
			};
			name = Test;
		};
		36FBF91327E685CB00B9F555 /* Test */ = {
			isa = XCBuildConfiguration;
			buildSettings = {
				ALWAYS_EMBED_SWIFT_STANDARD_LIBRARIES = YES;
				CODE_SIGN_STYLE = Automatic;
				CURRENT_PROJECT_VERSION = 1;
				DEVELOPMENT_TEAM = 5F964N26SK;
				GENERATE_INFOPLIST_FILE = YES;
				MARKETING_VERSION = 1.0;
				PRODUCT_BUNDLE_IDENTIFIER = sophieclark.ClearScoreTechTestUITests;
				PRODUCT_NAME = "$(TARGET_NAME)";
				SWIFT_EMIT_LOC_STRINGS = NO;
				SWIFT_VERSION = 5.0;
				TARGETED_DEVICE_FAMILY = "1,2";
				TEST_TARGET_NAME = ClearScoreTechTest;
			};
			name = Test;
		};
/* End XCBuildConfiguration section */

/* Begin XCConfigurationList section */
		36D5C1E427E4FE7A00B55511 /* Build configuration list for PBXProject "ClearScoreTechTest" */ = {
			isa = XCConfigurationList;
			buildConfigurations = (
				36D5C21127E4FE8200B55511 /* Debug */,
				36FBF91027E685CB00B9F555 /* Test */,
				36D5C21227E4FE8200B55511 /* Release */,
			);
			defaultConfigurationIsVisible = 0;
			defaultConfigurationName = Release;
		};
		36D5C21327E4FE8200B55511 /* Build configuration list for PBXNativeTarget "ClearScoreTechTest" */ = {
			isa = XCConfigurationList;
			buildConfigurations = (
				36D5C21427E4FE8200B55511 /* Debug */,
				36FBF91127E685CB00B9F555 /* Test */,
				36D5C21527E4FE8200B55511 /* Release */,
			);
			defaultConfigurationIsVisible = 0;
			defaultConfigurationName = Release;
		};
		36D5C21627E4FE8200B55511 /* Build configuration list for PBXNativeTarget "ClearScoreTechTestTests" */ = {
			isa = XCConfigurationList;
			buildConfigurations = (
				36D5C21727E4FE8200B55511 /* Debug */,
				36FBF91227E685CB00B9F555 /* Test */,
				36D5C21827E4FE8200B55511 /* Release */,
			);
			defaultConfigurationIsVisible = 0;
			defaultConfigurationName = Release;
		};
		36D5C21927E4FE8200B55511 /* Build configuration list for PBXNativeTarget "ClearScoreTechTestUITests" */ = {
			isa = XCConfigurationList;
			buildConfigurations = (
				36D5C21A27E4FE8200B55511 /* Debug */,
				36FBF91327E685CB00B9F555 /* Test */,
				36D5C21B27E4FE8200B55511 /* Release */,
			);
			defaultConfigurationIsVisible = 0;
			defaultConfigurationName = Release;
		};
/* End XCConfigurationList section */
	};
	rootObject = 36D5C1E127E4FE7A00B55511 /* Project object */;
}
